
Microsoft Visual Studio Solution File, Format Version 12.00
# Visual Studio Version 17
VisualStudioVersion = 17.7.34024.191
MinimumVisualStudioVersion = 10.0.40219.1
Project("{9A19103F-16F7-4668-BE54-9A1E7A4F7556}") = "Faysal", "Faysal.csproj", "{D046AECB-ADEF-4711-83C5-2C0351F62221}"
EndProject
Global
	GlobalSection(SolutionConfigurationPlatforms) = preSolution
		Debug|Any CPU = Debug|Any CPU
		Release|Any CPU = Release|Any CPU
	EndGlobalSection
	GlobalSection(ProjectConfigurationPlatforms) = postSolution
		{D046AECB-ADEF-4711-83C5-2C0351F62221}.Debug|Any CPU.ActiveCfg = Debug|Any CPU
		{D046AECB-ADEF-4711-83C5-2C0351F62221}.Debug|Any CPU.Build.0 = Debug|Any CPU
		{D046AECB-ADEF-4711-83C5-2C0351F62221}.Release|Any CPU.ActiveCfg = Release|Any CPU
		{D046AECB-ADEF-4711-83C5-2C0351F62221}.Release|Any CPU.Build.0 = Release|Any CPU
	EndGlobalSection
	GlobalSection(SolutionProperties) = preSolution
		HideSolutionNode = FALSE
	EndGlobalSection
	GlobalSection(ExtensibilityGlobals) = postSolution
		SolutionGuid = {86DBE4F0-33F3-4827-8A4B-6F2FB75593ED}
	EndGlobalSection
EndGlobal
